// !$*UTF8*$!
{
	archiveVersion = 1;
	classes = {
	};
	objectVersion = 77;
	objects = {

/* Begin PBXBuildFile section */
		9AE181382F94B6D1008019A9 /* Sparkle in Frameworks */ = {isa = PBXBuildFile; productRef = 9AE181372F94B6D1008019A9 /* Sparkle */; };
		9AE7E0E82F651A6D0002A85A /* Alamofire in Frameworks */ = {isa = PBXBuildFile; productRef = 9AE7E0E72F651A6D0002A85A /* Alamofire */; };
/* End PBXBuildFile section */

/* Begin PBXContainerItemProxy section */
		9AE7E02E2F6444040002A85A /* PBXContainerItemProxy */ = {
			isa = PBXContainerItemProxy;
			containerPortal = 9AE7E0162F6444030002A85A /* Project object */;
			proxyType = 1;
			remoteGlobalIDString = 9AE7E01D2F6444030002A85A;
			remoteInfo = TypeFree;
		};
		9AE7E0382F6444040002A85A /* PBXContainerItemProxy */ = {
			isa = PBXContainerItemProxy;
			containerPortal = 9AE7E0162F6444030002A85A /* Project object */;
			proxyType = 1;
			remoteGlobalIDString = 9AE7E01D2F6444030002A85A;
			remoteInfo = TypeFree;
		};
/* End PBXContainerItemProxy section */

/* Begin PBXFileReference section */
		9AE7E01E2F6444030002A85A /* TypeFree.app */ = {isa = PBXFileReference; explicitFileType = wrapper.application; includeInIndex = 0; path = TypeFree.app; sourceTree = BUILT_PRODUCTS_DIR; };
		9AE7E02D2F6444040002A85A /* TypeFreeTests.xctest */ = {isa = PBXFileReference; explicitFileType = wrapper.cfbundle; includeInIndex = 0; path = TypeFreeTests.xctest; sourceTree = BUILT_PRODUCTS_DIR; };
		9AE7E0372F6444040002A85A /* TypeFreeUITests.xctest */ = {isa = PBXFileReference; explicitFileType = wrapper.cfbundle; includeInIndex = 0; path = TypeFreeUITests.xctest; sourceTree = BUILT_PRODUCTS_DIR; };
/* End PBXFileReference section */

/* Begin PBXFileSystemSynchronizedBuildFileExceptionSet section */
		9AE181392F94B6D1008019A9 /* Exceptions for "TypeFree" folder in "TypeFree" target */ = {
			isa = PBXFileSystemSynchronizedBuildFileExceptionSet;
			membershipExceptions = (
				Info.plist,
			);
			target = 9AE7E01D2F6444030002A85A /* TypeFree */;
		};
/* End PBXFileSystemSynchronizedBuildFileExceptionSet section */

/* Begin PBXFileSystemSynchronizedRootGroup section */
		9AE7E0202F6444030002A85A /* TypeFree */ = {
			isa = PBXFileSystemSynchronizedRootGroup;
			exceptions = (
				9AE181392F94B6D1008019A9 /* Exceptions for "TypeFree" folder in "TypeFree" target */,
			);
			path = TypeFree;
			sourceTree = "<group>";
		};
		9AE7E0302F6444040002A85A /* TypeFreeTests */ = {
			isa = PBXFileSystemSynchronizedRootGroup;
			path = TypeFreeTests;
			sourceTree = "<group>";
		};
		9AE7E03A2F6444040002A85A /* TypeFreeUITests */ = {
			isa = PBXFileSystemSynchronizedRootGroup;
			path = TypeFreeUITests;
			sourceTree = "<group>";
		};
/* End PBXFileSystemSynchronizedRootGroup section */

/* Begin PBXFrameworksBuildPhase section */
		9AE7E01B2F6444030002A85A /* Frameworks */ = {
			isa = PBXFrameworksBuildPhase;
			buildActionMask = 2147483647;
			files = (
				9AE7E0E82F651A6D0002A85A /* Alamofire in Frameworks */,
				9AE181382F94B6D1008019A9 /* Sparkle in Frameworks */,
			);
			runOnlyForDeploymentPostprocessing = 0;
		};
		9AE7E02A2F6444040002A85A /* Frameworks */ = {
			isa = PBXFrameworksBuildPhase;
			buildActionMask = 2147483647;
			files = (
			);
			runOnlyForDeploymentPostprocessing = 0;
		};
		9AE7E0342F6444040002A85A /* Frameworks */ = {
			isa = PBXFrameworksBuildPhase;
			buildActionMask = 2147483647;
			files = (
			);
			runOnlyForDeploymentPostprocessing = 0;
		};
/* End PBXFrameworksBuildPhase section */

/* Begin PBXGroup section */
		9AE7E0152F6444030002A85A = {
			isa = PBXGroup;
			children = (
				9AE7E0202F6444030002A85A /* TypeFree */,
				9AE7E0302F6444040002A85A /* TypeFreeTests */,
				9AE7E03A2F6444040002A85A /* TypeFreeUITests */,
				9AE7E01F2F6444030002A85A /* Products */,
			);
			sourceTree = "<group>";
		};
		9AE7E01F2F6444030002A85A /* Products */ = {
			isa = PBXGroup;
			children = (
				9AE7E01E2F6444030002A85A /* TypeFree.app */,
				9AE7E02D2F6444040002A85A /* TypeFreeTests.xctest */,
				9AE7E0372F6444040002A85A /* TypeFreeUITests.xctest */,
			);
			name = Products;
			sourceTree = "<group>";
		};
/* End PBXGroup section */

/* Begin PBXNativeTarget section */
		9AE7E01D2F6444030002A85A /* TypeFree */ = {
			isa = PBXNativeTarget;
			buildConfigurationList = 9AE7E0412F6444040002A85A /* Build configuration list for PBXNativeTarget "TypeFree" */;
			buildPhases = (
				9AF000012F6500010002A85A /* SwiftLint */,
				9AF000022F6500010002A85A /* SwiftFormat Lint */,
				9AE7E01A2F6444030002A85A /* Sources */,
				9AE7E01B2F6444030002A85A /* Frameworks */,
				9AE7E01C2F6444030002A85A /* Resources */,
			);
			buildRules = (
			);
			dependencies = (
			);
			fileSystemSynchronizedGroups = (
				9AE7E0202F6444030002A85A /* TypeFree */,
			);
			name = TypeFree;
			packageProductDependencies = (
				9AE7E0E72F651A6D0002A85A /* Alamofire */,
				9AE181372F94B6D1008019A9 /* Sparkle */,
			);
			productName = TypeFree;
			productReference = 9AE7E01E2F6444030002A85A /* TypeFree.app */;
			productType = "com.apple.product-type.application";
		};
		9AE7E02C2F6444040002A85A /* TypeFreeTests */ = {
			isa = PBXNativeTarget;
			buildConfigurationList = 9AE7E0442F6444040002A85A /* Build configuration list for PBXNativeTarget "TypeFreeTests" */;
			buildPhases = (
				9AE7E0292F6444040002A85A /* Sources */,
				9AE7E02A2F6444040002A85A /* Frameworks */,
				9AE7E02B2F6444040002A85A /* Resources */,
			);
			buildRules = (
			);
			dependencies = (
				9AE7E02F2F6444040002A85A /* PBXTargetDependency */,
			);
			fileSystemSynchronizedGroups = (
				9AE7E0302F6444040002A85A /* TypeFreeTests */,
			);
			name = TypeFreeTests;
			packageProductDependencies = (
			);
			productName = TypeFreeTests;
			productReference = 9AE7E02D2F6444040002A85A /* TypeFreeTests.xctest */;
			productType = "com.apple.product-type.bundle.unit-test";
		};
		9AE7E0362F6444040002A85A /* TypeFreeUITests */ = {
			isa = PBXNativeTarget;
			buildConfigurationList = 9AE7E0472F6444040002A85A /* Build configuration list for PBXNativeTarget "TypeFreeUITests" */;
			buildPhases = (
				9AE7E0332F6444040002A85A /* Sources */,
				9AE7E0342F6444040002A85A /* Frameworks */,
				9AE7E0352F6444040002A85A /* Resources */,
			);
			buildRules = (
			);
			dependencies = (
				9AE7E0392F6444040002A85A /* PBXTargetDependency */,
			);
			fileSystemSynchronizedGroups = (
				9AE7E03A2F6444040002A85A /* TypeFreeUITests */,
			);
			name = TypeFreeUITests;
			packageProductDependencies = (
			);
			productName = TypeFreeUITests;
			productReference = 9AE7E0372F6444040002A85A /* TypeFreeUITests.xctest */;
			productType = "com.apple.product-type.bundle.ui-testing";
		};
/* End PBXNativeTarget section */

/* Begin PBXProject section */
		9AE7E0162F6444030002A85A /* Project object */ = {
			isa = PBXProject;
			attributes = {
				BuildIndependentTargetsInParallel = 1;
				LastSwiftUpdateCheck = 2630;
				LastUpgradeCheck = 2630;
				TargetAttributes = {
					9AE7E01D2F6444030002A85A = {
						CreatedOnToolsVersion = 26.3;
					};
					9AE7E02C2F6444040002A85A = {
						CreatedOnToolsVersion = 26.3;
						TestTargetID = 9AE7E01D2F6444030002A85A;
					};
					9AE7E0362F6444040002A85A = {
						CreatedOnToolsVersion = 26.3;
						TestTargetID = 9AE7E01D2F6444030002A85A;
					};
				};
			};
			buildConfigurationList = 9AE7E0192F6444030002A85A /* Build configuration list for PBXProject "TypeFree" */;
			developmentRegion = en;
			hasScannedForEncodings = 0;
			knownRegions = (
				en,
				Base,
				"zh-Hans",
				"zh-Hant",
				ja,
				it,
				de,
				fr,
				es,
				ko,
			);
			mainGroup = 9AE7E0152F6444030002A85A;
			minimizedProjectReferenceProxies = 1;
			packageReferences = (
				9AE7E0E62F651A6D0002A85A /* XCRemoteSwiftPackageReference "Alamofire" */,
				9AE181362F94B6D1008019A9 /* XCRemoteSwiftPackageReference "Sparkle" */,
			);
			preferredProjectObjectVersion = 77;
			productRefGroup = 9AE7E01F2F6444030002A85A /* Products */;
			projectDirPath = "";
			projectRoot = "";
			targets = (
				9AE7E01D2F6444030002A85A /* TypeFree */,
				9AE7E02C2F6444040002A85A /* TypeFreeTests */,
				9AE7E0362F6444040002A85A /* TypeFreeUITests */,
			);
		};
/* End PBXProject section */

/* Begin PBXResourcesBuildPhase section */
		9AE7E01C2F6444030002A85A /* Resources */ = {
			isa = PBXResourcesBuildPhase;
			buildActionMask = 2147483647;
			files = (
			);
			runOnlyForDeploymentPostprocessing = 0;
		};
		9AE7E02B2F6444040002A85A /* Resources */ = {
			isa = PBXResourcesBuildPhase;
			buildActionMask = 2147483647;
			files = (
			);
			runOnlyForDeploymentPostprocessing = 0;
		};
		9AE7E0352F6444040002A85A /* Resources */ = {
			isa = PBXResourcesBuildPhase;
			buildActionMask = 2147483647;
			files = (
			);
			runOnlyForDeploymentPostprocessing = 0;
		};
/* End PBXResourcesBuildPhase section */

/* Begin PBXShellScriptBuildPhase section */
		9AF000012F6500010002A85A /* SwiftLint */ = {
			isa = PBXShellScriptBuildPhase;
			alwaysOutOfDate = 1;
			buildActionMask = 2147483647;
			files = (
			);
			inputFileListPaths = (
			);
			inputPaths = (
			);
			name = SwiftLint;
			outputFileListPaths = (
			);
			outputPaths = (
			);
			runOnlyForDeploymentPostprocessing = 0;
			shellPath = /bin/sh;
			shellScript = "\"$SRCROOT/scripts/swiftlint.sh\"\n";
			showEnvVarsInLog = 0;
		};
		9AF000022F6500010002A85A /* SwiftFormat Lint */ = {
			isa = PBXShellScriptBuildPhase;
			alwaysOutOfDate = 1;
			buildActionMask = 2147483647;
			files = (
			);
			inputFileListPaths = (
			);
			inputPaths = (
			);
			name = "SwiftFormat Lint";
			outputFileListPaths = (
			);
			outputPaths = (
			);
			runOnlyForDeploymentPostprocessing = 0;
			shellPath = /bin/sh;
			shellScript = "\"$SRCROOT/scripts/swiftformat-lint.sh\"\n";
			showEnvVarsInLog = 0;
		};
/* End PBXShellScriptBuildPhase section */

/* Begin PBXSourcesBuildPhase section */
		9AE7E01A2F6444030002A85A /* Sources */ = {
			isa = PBXSourcesBuildPhase;
			buildActionMask = 2147483647;
			files = (
			);
			runOnlyForDeploymentPostprocessing = 0;
		};
		9AE7E0292F6444040002A85A /* Sources */ = {
			isa = PBXSourcesBuildPhase;
			buildActionMask = 2147483647;
			files = (
			);
			runOnlyForDeploymentPostprocessing = 0;
		};
		9AE7E0332F6444040002A85A /* Sources */ = {
			isa = PBXSourcesBuildPhase;
			buildActionMask = 2147483647;
			files = (
			);
			runOnlyForDeploymentPostprocessing = 0;
		};
/* End PBXSourcesBuildPhase section */

/* Begin PBXTargetDependency section */
		9AE7E02F2F6444040002A85A /* PBXTargetDependency */ = {
			isa = PBXTargetDependency;
			target = 9AE7E01D2F6444030002A85A /* TypeFree */;
			targetProxy = 9AE7E02E2F6444040002A85A /* PBXContainerItemProxy */;
		};
		9AE7E0392F6444040002A85A /* PBXTargetDependency */ = {
			isa = PBXTargetDependency;
			target = 9AE7E01D2F6444030002A85A /* TypeFree */;
			targetProxy = 9AE7E0382F6444040002A85A /* PBXContainerItemProxy */;
		};
/* End PBXTargetDependency section */

/* Begin XCBuildConfiguration section */
		9AE7E03F2F6444040002A85A /* Debug */ = {
			isa = XCBuildConfiguration;
			buildSettings = {
				ALWAYS_SEARCH_USER_PATHS = NO;
				ASSETCATALOG_COMPILER_GENERATE_SWIFT_ASSET_SYMBOL_EXTENSIONS = YES;
				CLANG_ANALYZER_NONNULL = YES;
				CLANG_ANALYZER_NUMBER_OBJECT_CONVERSION = YES_AGGRESSIVE;
				CLANG_CXX_LANGUAGE_STANDARD = "gnu++20";
				CLANG_ENABLE_MODULES = YES;
				CLANG_ENABLE_OBJC_ARC = YES;
				CLANG_ENABLE_OBJC_WEAK = YES;
				CLANG_WARN_BLOCK_CAPTURE_AUTORELEASING = YES;
				CLANG_WARN_BOOL_CONVERSION = YES;
				CLANG_WARN_COMMA = YES;
				CLANG_WARN_CONSTANT_CONVERSION = YES;
				CLANG_WARN_DEPRECATED_OBJC_IMPLEMENTATIONS = YES;
				CLANG_WARN_DIRECT_OBJC_ISA_USAGE = YES_ERROR;
				CLANG_WARN_DOCUMENTATION_COMMENTS = YES;
				CLANG_WARN_EMPTY_BODY = YES;
				CLANG_WARN_ENUM_CONVERSION = YES;
				CLANG_WARN_INFINITE_RECURSION = YES;
				CLANG_WARN_INT_CONVERSION = YES;
				CLANG_WARN_NON_LITERAL_NULL_CONVERSION = YES;
				CLANG_WARN_OBJC_IMPLICIT_RETAIN_SELF = YES;
				CLANG_WARN_OBJC_LITERAL_CONVERSION = YES;
				CLANG_WARN_OBJC_ROOT_CLASS = YES_ERROR;
				CLANG_WARN_QUOTED_INCLUDE_IN_FRAMEWORK_HEADER = YES;
				CLANG_WARN_RANGE_LOOP_ANALYSIS = YES;
				CLANG_WARN_STRICT_PROTOTYPES = YES;
				CLANG_WARN_SUSPICIOUS_MOVE = YES;
				CLANG_WARN_UNGUARDED_AVAILABILITY = YES_AGGRESSIVE;
				CLANG_WARN_UNREACHABLE_CODE = YES;
				CLANG_WARN__DUPLICATE_METHOD_MATCH = YES;
				COPY_PHASE_STRIP = NO;
				DEBUG_INFORMATION_FORMAT = dwarf;
				DEVELOPMENT_TEAM = SRD476XUQA;
				ENABLE_STRICT_OBJC_MSGSEND = YES;
				ENABLE_TESTABILITY = YES;
				ENABLE_USER_SCRIPT_SANDBOXING = YES;
				GCC_C_LANGUAGE_STANDARD = gnu17;
				GCC_DYNAMIC_NO_PIC = NO;
				GCC_NO_COMMON_BLOCKS = YES;
				GCC_OPTIMIZATION_LEVEL = 0;
				GCC_PREPROCESSOR_DEFINITIONS = (
					"DEBUG=1",
					"$(inherited)",
				);
				GCC_WARN_64_TO_32_BIT_CONVERSION = YES;
				GCC_WARN_ABOUT_RETURN_TYPE = YES_ERROR;
				GCC_WARN_UNDECLARED_SELECTOR = YES;
				GCC_WARN_UNINITIALIZED_AUTOS = YES_AGGRESSIVE;
				GCC_WARN_UNUSED_FUNCTION = YES;
				GCC_WARN_UNUSED_VARIABLE = YES;
				LOCALIZATION_PREFERS_STRING_CATALOGS = YES;
				MACOSX_DEPLOYMENT_TARGET = 26.2;
				MTL_ENABLE_DEBUG_INFO = INCLUDE_SOURCE;
				MTL_FAST_MATH = YES;
				ONLY_ACTIVE_ARCH = YES;
				SDKROOT = macosx;
				SWIFT_ACTIVE_COMPILATION_CONDITIONS = "DEBUG $(inherited)";
				SWIFT_EMIT_LOC_STRINGS = YES;
				SWIFT_OPTIMIZATION_LEVEL = "-Onone";
				SWIFT_VERSION = 6.0;
			};
			name = Debug;
		};
		9AE7E0402F6444040002A85A /* Release */ = {
			isa = XCBuildConfiguration;
			buildSettings = {
				ALWAYS_SEARCH_USER_PATHS = NO;
				ASSETCATALOG_COMPILER_GENERATE_SWIFT_ASSET_SYMBOL_EXTENSIONS = YES;
				CLANG_ANALYZER_NONNULL = YES;
				CLANG_ANALYZER_NUMBER_OBJECT_CONVERSION = YES_AGGRESSIVE;
				CLANG_CXX_LANGUAGE_STANDARD = "gnu++20";
				CLANG_ENABLE_MODULES = YES;
				CLANG_ENABLE_OBJC_ARC = YES;
				CLANG_ENABLE_OBJC_WEAK = YES;
				CLANG_WARN_BLOCK_CAPTURE_AUTORELEASING = YES;
				CLANG_WARN_BOOL_CONVERSION = YES;
				CLANG_WARN_COMMA = YES;
				CLANG_WARN_CONSTANT_CONVERSION = YES;
				CLANG_WARN_DEPRECATED_OBJC_IMPLEMENTATIONS = YES;
				CLANG_WARN_DIRECT_OBJC_ISA_USAGE = YES_ERROR;
				CLANG_WARN_DOCUMENTATION_COMMENTS = YES;
				CLANG_WARN_EMPTY_BODY = YES;
				CLANG_WARN_ENUM_CONVERSION = YES;
				CLANG_WARN_INFINITE_RECURSION = YES;
				CLANG_WARN_INT_CONVERSION = YES;
				CLANG_WARN_NON_LITERAL_NULL_CONVERSION = YES;
				CLANG_WARN_OBJC_IMPLICIT_RETAIN_SELF = YES;
				CLANG_WARN_OBJC_LITERAL_CONVERSION = YES;
				CLANG_WARN_OBJC_ROOT_CLASS = YES_ERROR;
				CLANG_WARN_QUOTED_INCLUDE_IN_FRAMEWORK_HEADER = YES;
				CLANG_WARN_RANGE_LOOP_ANALYSIS = YES;
				CLANG_WARN_STRICT_PROTOTYPES = YES;
				CLANG_WARN_SUSPICIOUS_MOVE = YES;
				CLANG_WARN_UNGUARDED_AVAILABILITY = YES_AGGRESSIVE;
				CLANG_WARN_UNREACHABLE_CODE = YES;
				CLANG_WARN__DUPLICATE_METHOD_MATCH = YES;
				COPY_PHASE_STRIP = NO;
				DEBUG_INFORMATION_FORMAT = "dwarf-with-dsym";
				DEVELOPMENT_TEAM = SRD476XUQA;
				ENABLE_NS_ASSERTIONS = NO;
				ENABLE_STRICT_OBJC_MSGSEND = YES;
				ENABLE_USER_SCRIPT_SANDBOXING = YES;
				GCC_C_LANGUAGE_STANDARD = gnu17;
				GCC_NO_COMMON_BLOCKS = YES;
				GCC_WARN_64_TO_32_BIT_CONVERSION = YES;
				GCC_WARN_ABOUT_RETURN_TYPE = YES_ERROR;
				GCC_WARN_UNDECLARED_SELECTOR = YES;
				GCC_WARN_UNINITIALIZED_AUTOS = YES_AGGRESSIVE;
				GCC_WARN_UNUSED_FUNCTION = YES;
				GCC_WARN_UNUSED_VARIABLE = YES;
				LOCALIZATION_PREFERS_STRING_CATALOGS = YES;
				MACOSX_DEPLOYMENT_TARGET = 26.2;
				MTL_ENABLE_DEBUG_INFO = NO;
				MTL_FAST_MATH = YES;
				SDKROOT = macosx;
				SWIFT_COMPILATION_MODE = wholemodule;
				SWIFT_EMIT_LOC_STRINGS = YES;
				SWIFT_VERSION = 6.0;
			};
			name = Release;
		};
		9AE7E0422F6444040002A85A /* Debug */ = {
			isa = XCBuildConfiguration;
			buildSettings = {
				ASSETCATALOG_COMPILER_APPICON_NAME = AppIcon;
				ASSETCATALOG_COMPILER_GLOBAL_ACCENT_COLOR_NAME = AccentColor;
				CODE_SIGN_ENTITLEMENTS = TypeFree/TypeFree.entitlements;
				CODE_SIGN_STYLE = Automatic;
				COMBINE_HIDPI_IMAGES = YES;
				CURRENT_PROJECT_VERSION = 1;
				DEVELOPMENT_TEAM = SRD476XUQA;
				ENABLE_APP_SANDBOX = NO;
				ENABLE_HARDENED_RUNTIME = YES;
				ENABLE_PREVIEWS = YES;
				ENABLE_USER_SCRIPT_SANDBOXING = NO;
				GENERATE_INFOPLIST_FILE = YES;
				INFOPLIST_FILE = TypeFree/Info.plist;
				INFOPLIST_KEY_LSApplicationCategoryType = "public.app-category.utilities";
				INFOPLIST_KEY_LSUIElement = YES;
				INFOPLIST_KEY_NSHumanReadableCopyright = "";
				INFOPLIST_KEY_NSMicrophoneUsageDescription = "TypeFree 需要访问麦克风来录制你的语音并完成转录。";
				LD_RUNPATH_SEARCH_PATHS = (
					"$(inherited)",
					"@executable_path/../Frameworks",
				);
				MARKETING_VERSION = 1.0;
				PRODUCT_BUNDLE_IDENTIFIER = dev.zhangyu.typefree;
				PRODUCT_NAME = "$(TARGET_NAME)";
				STRING_CATALOG_GENERATE_SYMBOLS = YES;
				SWIFT_APPROACHABLE_CONCURRENCY = YES;
				SWIFT_DEFAULT_ACTOR_ISOLATION = MainActor;
				SWIFT_EMIT_LOC_STRINGS = YES;
				SWIFT_UPCOMING_FEATURE_MEMBER_IMPORT_VISIBILITY = YES;
				SWIFT_VERSION = 6.0;
			};
			name = Debug;
		};
		9AE7E0432F6444040002A85A /* Release */ = {
			isa = XCBuildConfiguration;
			buildSettings = {
				ASSETCATALOG_COMPILER_APPICON_NAME = AppIcon;
				ASSETCATALOG_COMPILER_GLOBAL_ACCENT_COLOR_NAME = AccentColor;
				CODE_SIGN_ENTITLEMENTS = TypeFree/TypeFree.entitlements;
				CODE_SIGN_STYLE = Automatic;
				COMBINE_HIDPI_IMAGES = YES;
				CURRENT_PROJECT_VERSION = 1;
				DEVELOPMENT_TEAM = SRD476XUQA;
				ENABLE_APP_SANDBOX = NO;
				ENABLE_HARDENED_RUNTIME = YES;
				ENABLE_PREVIEWS = YES;
				ENABLE_USER_SCRIPT_SANDBOXING = NO;
				GENERATE_INFOPLIST_FILE = YES;
				INFOPLIST_FILE = TypeFree/Info.plist;
				INFOPLIST_KEY_LSApplicationCategoryType = "public.app-category.utilities";
				INFOPLIST_KEY_LSUIElement = YES;
				INFOPLIST_KEY_NSHumanReadableCopyright = "";
				INFOPLIST_KEY_NSMicrophoneUsageDescription = "TypeFree 需要访问麦克风来录制你的语音并完成转录。";
				LD_RUNPATH_SEARCH_PATHS = (
					"$(inherited)",
					"@executable_path/../Frameworks",
				);
				MARKETING_VERSION = 1.0;
				PRODUCT_BUNDLE_IDENTIFIER = dev.zhangyu.typefree;
				PRODUCT_NAME = "$(TARGET_NAME)";
				STRING_CATALOG_GENERATE_SYMBOLS = YES;
				SWIFT_APPROACHABLE_CONCURRENCY = YES;
				SWIFT_DEFAULT_ACTOR_ISOLATION = MainActor;
				SWIFT_EMIT_LOC_STRINGS = YES;
				SWIFT_UPCOMING_FEATURE_MEMBER_IMPORT_VISIBILITY = YES;
				SWIFT_VERSION = 6.0;
			};
			name = Release;
		};
		9AE7E0452F6444040002A85A /* Debug */ = {
			isa = XCBuildConfiguration;
			buildSettings = {
				BUNDLE_LOADER = "$(TEST_HOST)";
				CODE_SIGN_STYLE = Automatic;
				CURRENT_PROJECT_VERSION = 1;
				DEVELOPMENT_TEAM = SRD476XUQA;
				GENERATE_INFOPLIST_FILE = YES;
				MACOSX_DEPLOYMENT_TARGET = 26.2;
				MARKETING_VERSION = 1.0;
				PRODUCT_BUNDLE_IDENTIFIER = dev.zhangyu.TypeFreeTests;
				PRODUCT_NAME = "$(TARGET_NAME)";
				STRING_CATALOG_GENERATE_SYMBOLS = NO;
				SWIFT_APPROACHABLE_CONCURRENCY = YES;
				SWIFT_EMIT_LOC_STRINGS = NO;
				SWIFT_UPCOMING_FEATURE_MEMBER_IMPORT_VISIBILITY = YES;
				SWIFT_VERSION = 6.0;
				TEST_HOST = "$(BUILT_PRODUCTS_DIR)/TypeFree.app/$(BUNDLE_EXECUTABLE_FOLDER_PATH)/TypeFree";
			};
			name = Debug;
		};
		9AE7E0462F6444040002A85A /* Release */ = {
			isa = XCBuildConfiguration;
			buildSettings = {
				BUNDLE_LOADER = "$(TEST_HOST)";
				CODE_SIGN_STYLE = Automatic;
				CURRENT_PROJECT_VERSION = 1;
				DEVELOPMENT_TEAM = SRD476XUQA;
				GENERATE_INFOPLIST_FILE = YES;
				MACOSX_DEPLOYMENT_TARGET = 26.2;
				MARKETING_VERSION = 1.0;
				PRODUCT_BUNDLE_IDENTIFIER = dev.zhangyu.TypeFreeTests;
				PRODUCT_NAME = "$(TARGET_NAME)";
				STRING_CATALOG_GENERATE_SYMBOLS = NO;
				SWIFT_APPROACHABLE_CONCURRENCY = YES;
				SWIFT_EMIT_LOC_STRINGS = NO;
				SWIFT_UPCOMING_FEATURE_MEMBER_IMPORT_VISIBILITY = YES;
				SWIFT_VERSION = 6.0;
				TEST_HOST = "$(BUILT_PRODUCTS_DIR)/TypeFree.app/$(BUNDLE_EXECUTABLE_FOLDER_PATH)/TypeFree";
			};
			name = Release;
		};
		9AE7E0482F6444040002A85A /* Debug */ = {
			isa = XCBuildConfiguration;
			buildSettings = {
				CODE_SIGN_STYLE = Automatic;
				CURRENT_PROJECT_VERSION = 1;
				DEVELOPMENT_TEAM = SRD476XUQA;
				GENERATE_INFOPLIST_FILE = YES;
				MARKETING_VERSION = 1.0;
				PRODUCT_BUNDLE_IDENTIFIER = dev.zhangyu.TypeFreeUITests;
				PRODUCT_NAME = "$(TARGET_NAME)";
				STRING_CATALOG_GENERATE_SYMBOLS = NO;
				SWIFT_APPROACHABLE_CONCURRENCY = YES;
				SWIFT_EMIT_LOC_STRINGS = NO;
				SWIFT_UPCOMING_FEATURE_MEMBER_IMPORT_VISIBILITY = YES;
				SWIFT_VERSION = 6.0;
				TEST_TARGET_NAME = TypeFree;
			};
			name = Debug;
		};
		9AE7E0492F6444040002A85A /* Release */ = {
			isa = XCBuildConfiguration;
			buildSettings = {
				CODE_SIGN_STYLE = Automatic;
				CURRENT_PROJECT_VERSION = 1;
				DEVELOPMENT_TEAM = SRD476XUQA;
				GENERATE_INFOPLIST_FILE = YES;
				MARKETING_VERSION = 1.0;
				PRODUCT_BUNDLE_IDENTIFIER = dev.zhangyu.TypeFreeUITests;
				PRODUCT_NAME = "$(TARGET_NAME)";
				STRING_CATALOG_GENERATE_SYMBOLS = NO;
				SWIFT_APPROACHABLE_CONCURRENCY = YES;
				SWIFT_EMIT_LOC_STRINGS = NO;
				SWIFT_UPCOMING_FEATURE_MEMBER_IMPORT_VISIBILITY = YES;
				SWIFT_VERSION = 6.0;
				TEST_TARGET_NAME = TypeFree;
			};
			name = Release;
		};
/* End XCBuildConfiguration section */

/* Begin XCConfigurationList section */
		9AE7E0192F6444030002A85A /* Build configuration list for PBXProject "TypeFree" */ = {
			isa = XCConfigurationList;
			buildConfigurations = (
				9AE7E03F2F6444040002A85A /* Debug */,
				9AE7E0402F6444040002A85A /* Release */,
			);
			defaultConfigurationIsVisible = 0;
			defaultConfigurationName = Release;
		};
		9AE7E0412F6444040002A85A /* Build configuration list for PBXNativeTarget "TypeFree" */ = {
			isa = XCConfigurationList;
			buildConfigurations = (
				9AE7E0422F6444040002A85A /* Debug */,
				9AE7E0432F6444040002A85A /* Release */,
			);
			defaultConfigurationIsVisible = 0;
			defaultConfigurationName = Release;
		};
		9AE7E0442F6444040002A85A /* Build configuration list for PBXNativeTarget "TypeFreeTests" */ = {
			isa = XCConfigurationList;
			buildConfigurations = (
				9AE7E0452F6444040002A85A /* Debug */,
				9AE7E0462F6444040002A85A /* Release */,
			);
			defaultConfigurationIsVisible = 0;
			defaultConfigurationName = Release;
		};
		9AE7E0472F6444040002A85A /* Build configuration list for PBXNativeTarget "TypeFreeUITests" */ = {
			isa = XCConfigurationList;
			buildConfigurations = (
				9AE7E0482F6444040002A85A /* Debug */,
				9AE7E0492F6444040002A85A /* Release */,
			);
			defaultConfigurationIsVisible = 0;
			defaultConfigurationName = Release;
		};
/* End XCConfigurationList section */

/* Begin XCRemoteSwiftPackageReference section */
		9AE181362F94B6D1008019A9 /* XCRemoteSwiftPackageReference "Sparkle" */ = {
			isa = XCRemoteSwiftPackageReference;
			repositoryURL = "https://github.com/sparkle-project/Sparkle";
			requirement = {
				kind = upToNextMajorVersion;
				minimumVersion = 2.9.1;
			};
		};
		9AE7E0E62F651A6D0002A85A /* XCRemoteSwiftPackageReference "Alamofire" */ = {
			isa = XCRemoteSwiftPackageReference;
			repositoryURL = "https://github.com/Alamofire/Alamofire";
			requirement = {
				kind = upToNextMajorVersion;
				minimumVersion = 5.11.1;
			};
		};
/* End XCRemoteSwiftPackageReference section */

/* Begin XCSwiftPackageProductDependency section */
		9AE181372F94B6D1008019A9 /* Sparkle */ = {
			isa = XCSwiftPackageProductDependency;
			package = 9AE181362F94B6D1008019A9 /* XCRemoteSwiftPackageReference "Sparkle" */;
			productName = Sparkle;
		};
		9AE7E0E72F651A6D0002A85A /* Alamofire */ = {
			isa = XCSwiftPackageProductDependency;
			package = 9AE7E0E62F651A6D0002A85A /* XCRemoteSwiftPackageReference "Alamofire" */;
			productName = Alamofire;
		};
/* End XCSwiftPackageProductDependency section */
	};
	rootObject = 9AE7E0162F6444030002A85A /* Project object */;
}
